
Microsoft Visual Studio Solution File, Format Version 12.00
# Visual Studio Version 16
VisualStudioVersion = 16.0.31410.357
MinimumVisualStudioVersion = 10.0.40219.1
Project("{FAE04EC0-301F-11D3-BF4B-00C04F79EFBC}") = "MyConsoleApp", "MyConsoleApp\MyConsoleApp.csproj", "{CA16A1C3-ABE1-4FD2-80FD-DBF51CF3499E}"
EndProject
Global
	GlobalSection(SolutionConfigurationPlatforms) = preSolution
		Debug|Any CPU = Debug|Any CPU
		Release|Any CPU = Release|Any CPU
	EndGlobalSection
	GlobalSection(ProjectConfigurationPlatforms) = postSolution
		{CA16A1C3-ABE1-4FD2-80FD-DBF51CF3499E}.Debug|Any CPU.ActiveCfg = Debug|Any CPU
		{CA16A1C3-ABE1-4FD2-80FD-DBF51CF3499E}.Debug|Any CPU.Build.0 = Debug|Any CPU
		{CA16A1C3-ABE1-4FD2-80FD-DBF51CF3499E}.Release|Any CPU.ActiveCfg = Release|Any CPU
		{CA16A1C3-ABE1-4FD2-80FD-DBF51CF3499E}.Release|Any CPU.Build.0 = Release|Any CPU
	EndGlobalSection
	GlobalSection(SolutionProperties) = preSolution
		HideSolutionNode = FALSE
	EndGlobalSection
	GlobalSection(ExtensibilityGlobals) = postSolution
		SolutionGuid = {BD00768F-124E-4AE4-BBB1-54C6FF807771}
	EndGlobalSection
EndGlobal
